
Microsoft Visual Studio Solution File, Format Version 12.00
# Visual Studio Version 17
VisualStudioVersion = 17.8.34525.116
MinimumVisualStudioVersion = 10.0.40219.1
Project("{9A19103F-16F7-4668-BE54-9A1E7A4F7556}") = "ExpressVoitures", "ExpressVoitures\ExpressVoitures.csproj", "{4D9A6AFE-F8B9-4D31-835E-D3890A9D6367}"
EndProject
Global
	GlobalSection(SolutionConfigurationPlatforms) = preSolution
		Debug|Any CPU = Debug|Any CPU
		Release|Any CPU = Release|Any CPU
	EndGlobalSection
	GlobalSection(ProjectConfigurationPlatforms) = postSolution
		{4D9A6AFE-F8B9-4D31-835E-D3890A9D6367}.Debug|Any CPU.ActiveCfg = Debug|Any CPU
		{4D9A6AFE-F8B9-4D31-835E-D3890A9D6367}.Debug|Any CPU.Build.0 = Debug|Any CPU
		{4D9A6AFE-F8B9-4D31-835E-D3890A9D6367}.Release|Any CPU.ActiveCfg = Release|Any CPU
		{4D9A6AFE-F8B9-4D31-835E-D3890A9D6367}.Release|Any CPU.Build.0 = Release|Any CPU
	EndGlobalSection
	GlobalSection(SolutionProperties) = preSolution
		HideSolutionNode = FALSE
	EndGlobalSection
	GlobalSection(ExtensibilityGlobals) = postSolution
		SolutionGuid = {9C050E4E-5F26-4120-B043-E9F63CF90D0A}
	EndGlobalSection
EndGlobal
